{
  "name": "toa-site",
  "lockfileVersion": 3,
  "requires": true,
  "packages": {
    "": {
      "name": "toa-site",
      "devDependencies": {
        "basic-ftp": "^6.2.2"
      }
    },
    "node_modules/basic-ftp": {
      "version": "6.2.2",
      "resolved": "https://registry.npmjs.org/basic-ftp/-/basic-ftp-6.2.2.tgz",
      "integrity": "sha512-LIkJcf/F6bTTfvE3k2YcTxrJsLKKVXiEpHZYkQP6JoqTb7khng7c13ckRTDQbqRh5IkehVH3F00sSlAa2F6DwA==",
      "dev": true,
      "license": "MIT",
      "engines": {
        "node": ">=10.0.0"
      }
    }
  }
}
